
Microsoft Visual Studio Solution File, Format Version 12.00
# Visual Studio 15
VisualStudioVersion = 15.0.28307.136
MinimumVisualStudioVersion = 10.0.40219.1
Project("{FAE04EC0-301F-11D3-BF4B-00C04F79EFBC}") = "DL444.UcquLibrary.Models", "DL444.UcquLibrary.Models\DL444.UcquLibrary.Models.csproj", "{6950E4A1-DF36-42BC-8F41-7721A4D21A43}"
EndProject
Project("{FAE04EC0-301F-11D3-BF4B-00C04F79EFBC}") = "LibraryTest", "LibraryTest\LibraryTest.csproj", "{4B9E6907-F65D-4556-BD87-34F33F1FB50F}"
EndProject
Global
	GlobalSection(SolutionConfigurationPlatforms) = preSolution
		Debug|Any CPU = Debug|Any CPU
		Release|Any CPU = Release|Any CPU
	EndGlobalSection
	GlobalSection(ProjectConfigurationPlatforms) = postSolution
		{6950E4A1-DF36-42BC-8F41-7721A4D21A43}.Debug|Any CPU.ActiveCfg = Debug|Any CPU
		{6950E4A1-DF36-42BC-8F41-7721A4D21A43}.Debug|Any CPU.Build.0 = Debug|Any CPU
		{6950E4A1-DF36-42BC-8F41-7721A4D21A43}.Release|Any CPU.ActiveCfg = Release|Any CPU
		{6950E4A1-DF36-42BC-8F41-7721A4D21A43}.Release|Any CPU.Build.0 = Release|Any CPU
		{4B9E6907-F65D-4556-BD87-34F33F1FB50F}.Debug|Any CPU.ActiveCfg = Debug|Any CPU
		{4B9E6907-F65D-4556-BD87-34F33F1FB50F}.Debug|Any CPU.Build.0 = Debug|Any CPU
		{4B9E6907-F65D-4556-BD87-34F33F1FB50F}.Release|Any CPU.ActiveCfg = Release|Any CPU
		{4B9E6907-F65D-4556-BD87-34F33F1FB50F}.Release|Any CPU.Build.0 = Release|Any CPU
	EndGlobalSection
	GlobalSection(SolutionProperties) = preSolution
		HideSolutionNode = FALSE
	EndGlobalSection
	GlobalSection(ExtensibilityGlobals) = postSolution
		SolutionGuid = {17BCFEAD-5918-4FA7-8F00-0A7C12CA0A92}
	EndGlobalSection
EndGlobal
